Microsoft Visual Studio Solution File, Format Version 12.00
# Visual Studio 15
VisualStudioVersion = 15.0.26403.7
MinimumVisualStudioVersion = 10.0.40219.1
Project("{2150E333-8FDC-42A3-9474-1A3956D46DE8}") = "Project", "Project", "{97D14E6D-7DEF-4849-BC85-2E9DA03A3723}"
EndProject
Project("{2150E333-8FDC-42A3-9474-1A3956D46DE8}") = "Feature", "Feature", "{FC4A7FEF-72AF-4D4D-AA15-41E45E51D253}"
EndProject
Project("{2150E333-8FDC-42A3-9474-1A3956D46DE8}") = "Foundation", "Foundation", "{F8B5868F-0AE7-4455-9F93-FA73352310A1}"
EndProject
Project("{2150E333-8FDC-42A3-9474-1A3956D46DE8}") = "Common", "Common", "{C406B64F-9326-421A-BA84-AD003B298790}"
EndProject
Project("{FAE04EC0-301F-11D3-BF4B-00C04F79EFBC}") = "ART.SC.Common.Website", "src\Project\Common\code\ART.SC.Common.Website.csproj", "{9AD44943-5E7F-4CBD-AD4C-4AAAFD1AA305}"
EndProject
Project("{2150E333-8FDC-42A3-9474-1A3956D46DE8}") = "Accounts", "Accounts", "{7209455B-7261-4BBE-961C-C70084671267}"
EndProject
Project("{FAE04EC0-301F-11D3-BF4B-00C04F79EFBC}") = "ART.SC.Feature.Accounts", "src\Feature\Accounts\code\ART.SC.Feature.Accounts.csproj", "{AA0637B5-924A-49DB-AB51-977BB4871E1B}"
EndProject
Project("{2150E333-8FDC-42A3-9474-1A3956D46DE8}") = "Multisite", "Multisite", "{76EC3862-3C3B-4C4C-BFC2-E38713F73C3B}"
EndProject
Project("{FAE04EC0-301F-11D3-BF4B-00C04F79EFBC}") = "ART.SC.Foundation.MultiSite", "src\Foundation\Multisite\code\ART.SC.Foundation.MultiSite.csproj", "{58396EE1-44D4-4159-BA03-D81750516ACB}"
EndProject
Project("{2150E333-8FDC-42A3-9474-1A3956D46DE8}") = "Agent", "Agent", "{2CAC39AD-BF70-4A6A-8D85-AA09CB526A64}"
EndProject
Project("{FAE04EC0-301F-11D3-BF4B-00C04F79EFBC}") = "ART.SC.Agent.Website", "src\Project\Agent\code\ART.SC.Agent.Website.csproj", "{F58E834E-E7DD-42CE-98E9-B8B282EA176C}"
EndProject
Project("{2150E333-8FDC-42A3-9474-1A3956D46DE8}") = "Quote", "Quote", "{4950878E-A845-4DE5-AB35-59A964CD5D02}"
EndProject
Project("{2150E333-8FDC-42A3-9474-1A3956D46DE8}") = "Indentity", "Indentity", "{D7C192EC-FD7D-4D03-AE44-C8EE3597292A}"
EndProject
Project("{FAE04EC0-301F-11D3-BF4B-00C04F79EFBC}") = "ART.SC.Feature.Identity", "src\Feature\Identity\code\ART.SC.Feature.Identity.csproj", "{2641938A-8D23-4E1D-80D6-98A90DFD6621}"
EndProject
Project("{2150E333-8FDC-42A3-9474-1A3956D46DE8}") = "SitecoreExtensions", "SitecoreExtensions", "{3DE529CC-43C3-46D6-9104-6DF9A9AC3B94}"
EndProject
Project("{2150E333-8FDC-42A3-9474-1A3956D46DE8}") = "Dependency Injection", "Dependency Injection", "{811075F0-B4B8-4A1E-BB16-486C9BA3033A}"
EndProject
Project("{FAE04EC0-301F-11D3-BF4B-00C04F79EFBC}") = "ART.SC.Foundation.DependencyInjection", "src\Foundation\Dependency Injection\code\ART.SC.Foundation.DependencyInjection.csproj", "{A8F29D11-302A-4C7A-8AF1-9A012E4A1189}"
EndProject
Project("{FAE04EC0-301F-11D3-BF4B-00C04F79EFBC}") = "ART.SC.Foundation.SitecoreExtensions", "src\Foundation\SitecoreExtensions\code\ART.SC.Foundation.SitecoreExtensions.csproj", "{7334978B-71A2-4B74-9640-3A823D022884}"
EndProject
Project("{FAE04EC0-301F-11D3-BF4B-00C04F79EFBC}") = "ART.SC.Feature.Quote", "src\Feature\Quote\code\ART.SC.Feature.Quote.csproj", "{28B559FC-4FC0-48D0-B799-B8DC9E37E8BD}"
EndProject
Project("{2150E333-8FDC-42A3-9474-1A3956D46DE8}") = "Navigation", "Navigation", "{0A43C82D-8775-457B-8CFA-0790DF4BFB1E}"
EndProject
Project("{2150E333-8FDC-42A3-9474-1A3956D46DE8}") = "Services", "Services", "{061E1914-E470-414A-AA13-2228E6BF5B6D}"
EndProject
Project("{FAE04EC0-301F-11D3-BF4B-00C04F79EFBC}") = "ART.SC.Foundation.Services", "src\Foundation\Services\code\ART.SC.Foundation.Services.csproj", "{2DE1F2EB-FC9C-4802-A0DE-FDFA23BECC22}"
EndProject
Project("{FAE04EC0-301F-11D3-BF4B-00C04F79EFBC}") = "ART.SC.Feature.Navigation", "src\Feature\Navigation\code\ART.SC.Feature.Navigation.csproj", "{679EBA16-F719-4F87-8E1B-90B7AFEA4562}"
EndProject
Project("{2150E333-8FDC-42A3-9474-1A3956D46DE8}") = "Error Handling", "Error Handling", "{DA8ECEBA-748E-4EDE-AF26-FCDD037AACE2}"
EndProject
Project("{FAE04EC0-301F-11D3-BF4B-00C04F79EFBC}") = "ART.SC.Foundation.ErrorHandling", "src\Foundation\Error Handling\code\ART.SC.Foundation.ErrorHandling.csproj", "{35D22172-B9E8-4ED9-AFD2-8C373925A89F}"
EndProject
Global
	GlobalSection(SolutionConfigurationPlatforms) = preSolution
		always|Any CPU = always|Any CPU
		always|x64 = always|x64
		ci|Any CPU = ci|Any CPU
		ci|x64 = ci|x64
		Debug|Any CPU = Debug|Any CPU
		Debug|x64 = Debug|x64
		Release|Any CPU = Release|Any CPU
		Release|x64 = Release|x64
	EndGlobalSection
	GlobalSection(ProjectConfigurationPlatforms) = postSolution
		{9AD44943-5E7F-4CBD-AD4C-4AAAFD1AA305}.always|Any CPU.ActiveCfg = Release|Any CPU
		{9AD44943-5E7F-4CBD-AD4C-4AAAFD1AA305}.always|Any CPU.Build.0 = Release|Any CPU
		{9AD44943-5E7F-4CBD-AD4C-4AAAFD1AA305}.always|x64.ActiveCfg = Release|Any CPU
		{9AD44943-5E7F-4CBD-AD4C-4AAAFD1AA305}.always|x64.Build.0 = Release|Any CPU
		{9AD44943-5E7F-4CBD-AD4C-4AAAFD1AA305}.ci|Any CPU.ActiveCfg = Release|Any CPU
		{9AD44943-5E7F-4CBD-AD4C-4AAAFD1AA305}.ci|Any CPU.Build.0 = Release|Any CPU
		{9AD44943-5E7F-4CBD-AD4C-4AAAFD1AA305}.ci|x64.ActiveCfg = Release|Any CPU
		{9AD44943-5E7F-4CBD-AD4C-4AAAFD1AA305}.ci|x64.Build.0 = Release|Any CPU
		{9AD44943-5E7F-4CBD-AD4C-4AAAFD1AA305}.Debug|Any CPU.ActiveCfg = Debug|Any CPU
		{9AD44943-5E7F-4CBD-AD4C-4AAAFD1AA305}.Debug|Any CPU.Build.0 = Debug|Any CPU
		{9AD44943-5E7F-4CBD-AD4C-4AAAFD1AA305}.Debug|x64.ActiveCfg = Debug|Any CPU
		{9AD44943-5E7F-4CBD-AD4C-4AAAFD1AA305}.Debug|x64.Build.0 = Debug|Any CPU
		{9AD44943-5E7F-4CBD-AD4C-4AAAFD1AA305}.Release|Any CPU.ActiveCfg = Release|Any CPU
		{9AD44943-5E7F-4CBD-AD4C-4AAAFD1AA305}.Release|Any CPU.Build.0 = Release|Any CPU
		{9AD44943-5E7F-4CBD-AD4C-4AAAFD1AA305}.Release|x64.ActiveCfg = Release|Any CPU
		{9AD44943-5E7F-4CBD-AD4C-4AAAFD1AA305}.Release|x64.Build.0 = Release|Any CPU
		{AA0637B5-924A-49DB-AB51-977BB4871E1B}.always|Any CPU.ActiveCfg = Release|Any CPU
		{AA0637B5-924A-49DB-AB51-977BB4871E1B}.always|Any CPU.Build.0 = Release|Any CPU
		{AA0637B5-924A-49DB-AB51-977BB4871E1B}.always|x64.ActiveCfg = Release|Any CPU
		{AA0637B5-924A-49DB-AB51-977BB4871E1B}.always|x64.Build.0 = Release|Any CPU
		{AA0637B5-924A-49DB-AB51-977BB4871E1B}.ci|Any CPU.ActiveCfg = Release|Any CPU
		{AA0637B5-924A-49DB-AB51-977BB4871E1B}.ci|Any CPU.Build.0 = Release|Any CPU
		{AA0637B5-924A-49DB-AB51-977BB4871E1B}.ci|x64.ActiveCfg = Release|Any CPU
		{AA0637B5-924A-49DB-AB51-977BB4871E1B}.ci|x64.Build.0 = Release|Any CPU
		{AA0637B5-924A-49DB-AB51-977BB4871E1B}.Debug|Any CPU.ActiveCfg = Debug|Any CPU
		{AA0637B5-924A-49DB-AB51-977BB4871E1B}.Debug|Any CPU.Build.0 = Debug|Any CPU
		{AA0637B5-924A-49DB-AB51-977BB4871E1B}.Debug|x64.ActiveCfg = Debug|Any CPU
		{AA0637B5-924A-49DB-AB51-977BB4871E1B}.Debug|x64.Build.0 = Debug|Any CPU
		{AA0637B5-924A-49DB-AB51-977BB4871E1B}.Release|Any CPU.ActiveCfg = Release|Any CPU
		{AA0637B5-924A-49DB-AB51-977BB4871E1B}.Release|Any CPU.Build.0 = Release|Any CPU
		{AA0637B5-924A-49DB-AB51-977BB4871E1B}.Release|x64.ActiveCfg = Release|Any CPU
		{AA0637B5-924A-49DB-AB51-977BB4871E1B}.Release|x64.Build.0 = Release|Any CPU
		{58396EE1-44D4-4159-BA03-D81750516ACB}.always|Any CPU.ActiveCfg = Release|Any CPU
		{58396EE1-44D4-4159-BA03-D81750516ACB}.always|Any CPU.Build.0 = Release|Any CPU
		{58396EE1-44D4-4159-BA03-D81750516ACB}.always|x64.ActiveCfg = Release|Any CPU
		{58396EE1-44D4-4159-BA03-D81750516ACB}.always|x64.Build.0 = Release|Any CPU
		{58396EE1-44D4-4159-BA03-D81750516ACB}.ci|Any CPU.ActiveCfg = Release|Any CPU
		{58396EE1-44D4-4159-BA03-D81750516ACB}.ci|Any CPU.Build.0 = Release|Any CPU
		{58396EE1-44D4-4159-BA03-D81750516ACB}.ci|x64.ActiveCfg = Release|Any CPU
		{58396EE1-44D4-4159-BA03-D81750516ACB}.ci|x64.Build.0 = Release|Any CPU
		{58396EE1-44D4-4159-BA03-D81750516ACB}.Debug|Any CPU.ActiveCfg = Debug|Any CPU
		{58396EE1-44D4-4159-BA03-D81750516ACB}.Debug|Any CPU.Build.0 = Debug|Any CPU
		{58396EE1-44D4-4159-BA03-D81750516ACB}.Debug|x64.ActiveCfg = Debug|Any CPU
		{58396EE1-44D4-4159-BA03-D81750516ACB}.Debug|x64.Build.0 = Debug|Any CPU
		{58396EE1-44D4-4159-BA03-D81750516ACB}.Release|Any CPU.ActiveCfg = Release|Any CPU
		{58396EE1-44D4-4159-BA03-D81750516ACB}.Release|Any CPU.Build.0 = Release|Any CPU
		{58396EE1-44D4-4159-BA03-D81750516ACB}.Release|x64.ActiveCfg = Release|Any CPU
		{58396EE1-44D4-4159-BA03-D81750516ACB}.Release|x64.Build.0 = Release|Any CPU
		{F58E834E-E7DD-42CE-98E9-B8B282EA176C}.always|Any CPU.ActiveCfg = Release|Any CPU
		{F58E834E-E7DD-42CE-98E9-B8B282EA176C}.always|Any CPU.Build.0 = Release|Any CPU
		{F58E834E-E7DD-42CE-98E9-B8B282EA176C}.always|x64.ActiveCfg = Release|Any CPU
		{F58E834E-E7DD-42CE-98E9-B8B282EA176C}.always|x64.Build.0 = Release|Any CPU
		{F58E834E-E7DD-42CE-98E9-B8B282EA176C}.ci|Any CPU.ActiveCfg = Release|Any CPU
		{F58E834E-E7DD-42CE-98E9-B8B282EA176C}.ci|Any CPU.Build.0 = Release|Any CPU
		{F58E834E-E7DD-42CE-98E9-B8B282EA176C}.ci|x64.ActiveCfg = Release|Any CPU
		{F58E834E-E7DD-42CE-98E9-B8B282EA176C}.ci|x64.Build.0 = Release|Any CPU
		{F58E834E-E7DD-42CE-98E9-B8B282EA176C}.Debug|Any CPU.ActiveCfg = Debug|Any CPU
		{F58E834E-E7DD-42CE-98E9-B8B282EA176C}.Debug|Any CPU.Build.0 = Debug|Any CPU
		{F58E834E-E7DD-42CE-98E9-B8B282EA176C}.Debug|x64.ActiveCfg = Debug|Any CPU
		{F58E834E-E7DD-42CE-98E9-B8B282EA176C}.Debug|x64.Build.0 = Debug|Any CPU
		{F58E834E-E7DD-42CE-98E9-B8B282EA176C}.Release|Any CPU.ActiveCfg = Release|Any CPU
		{F58E834E-E7DD-42CE-98E9-B8B282EA176C}.Release|Any CPU.Build.0 = Release|Any CPU
		{F58E834E-E7DD-42CE-98E9-B8B282EA176C}.Release|x64.ActiveCfg = Release|Any CPU
		{F58E834E-E7DD-42CE-98E9-B8B282EA176C}.Release|x64.Build.0 = Release|Any CPU
		{2641938A-8D23-4E1D-80D6-98A90DFD6621}.always|Any CPU.ActiveCfg = Release|Any CPU
		{2641938A-8D23-4E1D-80D6-98A90DFD6621}.always|Any CPU.Build.0 = Release|Any CPU
		{2641938A-8D23-4E1D-80D6-98A90DFD6621}.always|x64.ActiveCfg = Release|Any CPU
		{2641938A-8D23-4E1D-80D6-98A90DFD6621}.always|x64.Build.0 = Release|Any CPU
		{2641938A-8D23-4E1D-80D6-98A90DFD6621}.ci|Any CPU.ActiveCfg = Release|Any CPU
		{2641938A-8D23-4E1D-80D6-98A90DFD6621}.ci|Any CPU.Build.0 = Release|Any CPU
		{2641938A-8D23-4E1D-80D6-98A90DFD6621}.ci|x64.ActiveCfg = Release|Any CPU
		{2641938A-8D23-4E1D-80D6-98A90DFD6621}.ci|x64.Build.0 = Release|Any CPU
		{2641938A-8D23-4E1D-80D6-98A90DFD6621}.Debug|Any CPU.ActiveCfg = Debug|Any CPU
		{2641938A-8D23-4E1D-80D6-98A90DFD6621}.Debug|Any CPU.Build.0 = Debug|Any CPU
		{2641938A-8D23-4E1D-80D6-98A90DFD6621}.Debug|x64.ActiveCfg = Debug|Any CPU
		{2641938A-8D23-4E1D-80D6-98A90DFD6621}.Debug|x64.Build.0 = Debug|Any CPU
		{2641938A-8D23-4E1D-80D6-98A90DFD6621}.Release|Any CPU.ActiveCfg = Release|Any CPU
		{2641938A-8D23-4E1D-80D6-98A90DFD6621}.Release|Any CPU.Build.0 = Release|Any CPU
		{2641938A-8D23-4E1D-80D6-98A90DFD6621}.Release|x64.ActiveCfg = Release|Any CPU
		{2641938A-8D23-4E1D-80D6-98A90DFD6621}.Release|x64.Build.0 = Release|Any CPU
		{A8F29D11-302A-4C7A-8AF1-9A012E4A1189}.always|Any CPU.ActiveCfg = Release|Any CPU
		{A8F29D11-302A-4C7A-8AF1-9A012E4A1189}.always|Any CPU.Build.0 = Release|Any CPU
		{A8F29D11-302A-4C7A-8AF1-9A012E4A1189}.always|x64.ActiveCfg = Release|Any CPU
		{A8F29D11-302A-4C7A-8AF1-9A012E4A1189}.always|x64.Build.0 = Release|Any CPU
		{A8F29D11-302A-4C7A-8AF1-9A012E4A1189}.ci|Any CPU.ActiveCfg = Release|Any CPU
		{A8F29D11-302A-4C7A-8AF1-9A012E4A1189}.ci|Any CPU.Build.0 = Release|Any CPU
		{A8F29D11-302A-4C7A-8AF1-9A012E4A1189}.ci|x64.ActiveCfg = Release|Any CPU
		{A8F29D11-302A-4C7A-8AF1-9A012E4A1189}.ci|x64.Build.0 = Release|Any CPU
		{A8F29D11-302A-4C7A-8AF1-9A012E4A1189}.Debug|Any CPU.ActiveCfg = Debug|Any CPU
		{A8F29D11-302A-4C7A-8AF1-9A012E4A1189}.Debug|Any CPU.Build.0 = Debug|Any CPU
		{A8F29D11-302A-4C7A-8AF1-9A012E4A1189}.Debug|x64.ActiveCfg = Debug|Any CPU
		{A8F29D11-302A-4C7A-8AF1-9A012E4A1189}.Debug|x64.Build.0 = Debug|Any CPU
		{A8F29D11-302A-4C7A-8AF1-9A012E4A1189}.Release|Any CPU.ActiveCfg = Release|Any CPU
		{A8F29D11-302A-4C7A-8AF1-9A012E4A1189}.Release|Any CPU.Build.0 = Release|Any CPU
		{A8F29D11-302A-4C7A-8AF1-9A012E4A1189}.Release|x64.ActiveCfg = Release|Any CPU
		{A8F29D11-302A-4C7A-8AF1-9A012E4A1189}.Release|x64.Build.0 = Release|Any CPU
		{7334978B-71A2-4B74-9640-3A823D022884}.always|Any CPU.ActiveCfg = Release|Any CPU
		{7334978B-71A2-4B74-9640-3A823D022884}.always|Any CPU.Build.0 = Release|Any CPU
		{7334978B-71A2-4B74-9640-3A823D022884}.always|x64.ActiveCfg = Release|Any CPU
		{7334978B-71A2-4B74-9640-3A823D022884}.always|x64.Build.0 = Release|Any CPU
		{7334978B-71A2-4B74-9640-3A823D022884}.ci|Any CPU.ActiveCfg = Release|Any CPU
		{7334978B-71A2-4B74-9640-3A823D022884}.ci|Any CPU.Build.0 = Release|Any CPU
		{7334978B-71A2-4B74-9640-3A823D022884}.ci|x64.ActiveCfg = Release|Any CPU
		{7334978B-71A2-4B74-9640-3A823D022884}.ci|x64.Build.0 = Release|Any CPU
		{7334978B-71A2-4B74-9640-3A823D022884}.Debug|Any CPU.ActiveCfg = Debug|Any CPU
		{7334978B-71A2-4B74-9640-3A823D022884}.Debug|Any CPU.Build.0 = Debug|Any CPU
		{7334978B-71A2-4B74-9640-3A823D022884}.Debug|x64.ActiveCfg = Debug|Any CPU
		{7334978B-71A2-4B74-9640-3A823D022884}.Debug|x64.Build.0 = Debug|Any CPU
		{7334978B-71A2-4B74-9640-3A823D022884}.Release|Any CPU.ActiveCfg = Release|Any CPU
		{7334978B-71A2-4B74-9640-3A823D022884}.Release|Any CPU.Build.0 = Release|Any CPU
		{7334978B-71A2-4B74-9640-3A823D022884}.Release|x64.ActiveCfg = Release|Any CPU
		{7334978B-71A2-4B74-9640-3A823D022884}.Release|x64.Build.0 = Release|Any CPU
		{28B559FC-4FC0-48D0-B799-B8DC9E37E8BD}.always|Any CPU.ActiveCfg = Release|Any CPU
		{28B559FC-4FC0-48D0-B799-B8DC9E37E8BD}.always|Any CPU.Build.0 = Release|Any CPU
		{28B559FC-4FC0-48D0-B799-B8DC9E37E8BD}.always|x64.ActiveCfg = Release|Any CPU
		{28B559FC-4FC0-48D0-B799-B8DC9E37E8BD}.always|x64.Build.0 = Release|Any CPU
		{28B559FC-4FC0-48D0-B799-B8DC9E37E8BD}.ci|Any CPU.ActiveCfg = Release|Any CPU
		{28B559FC-4FC0-48D0-B799-B8DC9E37E8BD}.ci|Any CPU.Build.0 = Release|Any CPU
		{28B559FC-4FC0-48D0-B799-B8DC9E37E8BD}.ci|x64.ActiveCfg = Release|Any CPU
		{28B559FC-4FC0-48D0-B799-B8DC9E37E8BD}.ci|x64.Build.0 = Release|Any CPU
		{28B559FC-4FC0-48D0-B799-B8DC9E37E8BD}.Debug|Any CPU.ActiveCfg = Debug|Any CPU
		{28B559FC-4FC0-48D0-B799-B8DC9E37E8BD}.Debug|Any CPU.Build.0 = Debug|Any CPU
		{28B559FC-4FC0-48D0-B799-B8DC9E37E8BD}.Debug|x64.ActiveCfg = Debug|Any CPU
		{28B559FC-4FC0-48D0-B799-B8DC9E37E8BD}.Debug|x64.Build.0 = Debug|Any CPU
		{28B559FC-4FC0-48D0-B799-B8DC9E37E8BD}.Release|Any CPU.ActiveCfg = Release|Any CPU
		{28B559FC-4FC0-48D0-B799-B8DC9E37E8BD}.Release|Any CPU.Build.0 = Release|Any CPU
		{28B559FC-4FC0-48D0-B799-B8DC9E37E8BD}.Release|x64.ActiveCfg = Release|Any CPU
		{28B559FC-4FC0-48D0-B799-B8DC9E37E8BD}.Release|x64.Build.0 = Release|Any CPU
		{2DE1F2EB-FC9C-4802-A0DE-FDFA23BECC22}.always|Any CPU.ActiveCfg = Release|Any CPU
		{2DE1F2EB-FC9C-4802-A0DE-FDFA23BECC22}.always|Any CPU.Build.0 = Release|Any CPU
		{2DE1F2EB-FC9C-4802-A0DE-FDFA23BECC22}.always|x64.ActiveCfg = Release|Any CPU
		{2DE1F2EB-FC9C-4802-A0DE-FDFA23BECC22}.always|x64.Build.0 = Release|Any CPU
		{2DE1F2EB-FC9C-4802-A0DE-FDFA23BECC22}.ci|Any CPU.ActiveCfg = Release|Any CPU
		{2DE1F2EB-FC9C-4802-A0DE-FDFA23BECC22}.ci|Any CPU.Build.0 = Release|Any CPU
		{2DE1F2EB-FC9C-4802-A0DE-FDFA23BECC22}.ci|x64.ActiveCfg = Release|Any CPU
		{2DE1F2EB-FC9C-4802-A0DE-FDFA23BECC22}.ci|x64.Build.0 = Release|Any CPU
		{2DE1F2EB-FC9C-4802-A0DE-FDFA23BECC22}.Debug|Any CPU.ActiveCfg = Debug|Any CPU
		{2DE1F2EB-FC9C-4802-A0DE-FDFA23BECC22}.Debug|Any CPU.Build.0 = Debug|Any CPU
		{2DE1F2EB-FC9C-4802-A0DE-FDFA23BECC22}.Debug|x64.ActiveCfg = Debug|Any CPU
		{2DE1F2EB-FC9C-4802-A0DE-FDFA23BECC22}.Debug|x64.Build.0 = Debug|Any CPU
		{2DE1F2EB-FC9C-4802-A0DE-FDFA23BECC22}.Release|Any CPU.ActiveCfg = Release|Any CPU
		{2DE1F2EB-FC9C-4802-A0DE-FDFA23BECC22}.Release|Any CPU.Build.0 = Release|Any CPU
		{2DE1F2EB-FC9C-4802-A0DE-FDFA23BECC22}.Release|x64.ActiveCfg = Release|Any CPU
		{2DE1F2EB-FC9C-4802-A0DE-FDFA23BECC22}.Release|x64.Build.0 = Release|Any CPU
		{679EBA16-F719-4F87-8E1B-90B7AFEA4562}.always|Any CPU.ActiveCfg = Release|Any CPU
		{679EBA16-F719-4F87-8E1B-90B7AFEA4562}.always|Any CPU.Build.0 = Release|Any CPU
		{679EBA16-F719-4F87-8E1B-90B7AFEA4562}.always|x64.ActiveCfg = Release|Any CPU
		{679EBA16-F719-4F87-8E1B-90B7AFEA4562}.always|x64.Build.0 = Release|Any CPU
		{679EBA16-F719-4F87-8E1B-90B7AFEA4562}.ci|Any CPU.ActiveCfg = Release|Any CPU
		{679EBA16-F719-4F87-8E1B-90B7AFEA4562}.ci|Any CPU.Build.0 = Release|Any CPU
		{679EBA16-F719-4F87-8E1B-90B7AFEA4562}.ci|x64.ActiveCfg = Release|Any CPU
		{679EBA16-F719-4F87-8E1B-90B7AFEA4562}.ci|x64.Build.0 = Release|Any CPU
		{679EBA16-F719-4F87-8E1B-90B7AFEA4562}.Debug|Any CPU.ActiveCfg = Debug|Any CPU
		{679EBA16-F719-4F87-8E1B-90B7AFEA4562}.Debug|Any CPU.Build.0 = Debug|Any CPU
		{679EBA16-F719-4F87-8E1B-90B7AFEA4562}.Debug|x64.ActiveCfg = Debug|Any CPU
		{679EBA16-F719-4F87-8E1B-90B7AFEA4562}.Debug|x64.Build.0 = Debug|Any CPU
		{679EBA16-F719-4F87-8E1B-90B7AFEA4562}.Release|Any CPU.ActiveCfg = Release|Any CPU
		{679EBA16-F719-4F87-8E1B-90B7AFEA4562}.Release|Any CPU.Build.0 = Release|Any CPU
		{679EBA16-F719-4F87-8E1B-90B7AFEA4562}.Release|x64.ActiveCfg = Release|Any CPU
		{679EBA16-F719-4F87-8E1B-90B7AFEA4562}.Release|x64.Build.0 = Release|Any CPU
		{35D22172-B9E8-4ED9-AFD2-8C373925A89F}.always|Any CPU.ActiveCfg = Release|Any CPU
		{35D22172-B9E8-4ED9-AFD2-8C373925A89F}.always|Any CPU.Build.0 = Release|Any CPU
		{35D22172-B9E8-4ED9-AFD2-8C373925A89F}.always|x64.ActiveCfg = Release|Any CPU
		{35D22172-B9E8-4ED9-AFD2-8C373925A89F}.always|x64.Build.0 = Release|Any CPU
		{35D22172-B9E8-4ED9-AFD2-8C373925A89F}.ci|Any CPU.ActiveCfg = Release|Any CPU
		{35D22172-B9E8-4ED9-AFD2-8C373925A89F}.ci|Any CPU.Build.0 = Release|Any CPU
		{35D22172-B9E8-4ED9-AFD2-8C373925A89F}.ci|x64.ActiveCfg = Release|Any CPU
		{35D22172-B9E8-4ED9-AFD2-8C373925A89F}.ci|x64.Build.0 = Release|Any CPU
		{35D22172-B9E8-4ED9-AFD2-8C373925A89F}.Debug|Any CPU.ActiveCfg = Debug|Any CPU
		{35D22172-B9E8-4ED9-AFD2-8C373925A89F}.Debug|Any CPU.Build.0 = Debug|Any CPU
		{35D22172-B9E8-4ED9-AFD2-8C373925A89F}.Debug|x64.ActiveCfg = Debug|Any CPU
		{35D22172-B9E8-4ED9-AFD2-8C373925A89F}.Debug|x64.Build.0 = Debug|Any CPU
		{35D22172-B9E8-4ED9-AFD2-8C373925A89F}.Release|Any CPU.ActiveCfg = Release|Any CPU
		{35D22172-B9E8-4ED9-AFD2-8C373925A89F}.Release|Any CPU.Build.0 = Release|Any CPU
		{35D22172-B9E8-4ED9-AFD2-8C373925A89F}.Release|x64.ActiveCfg = Release|Any CPU
		{35D22172-B9E8-4ED9-AFD2-8C373925A89F}.Release|x64.Build.0 = Release|Any CPU
	EndGlobalSection
	GlobalSection(SolutionProperties) = preSolution
		HideSolutionNode = FALSE
	EndGlobalSection
	GlobalSection(NestedProjects) = preSolution
		{C406B64F-9326-421A-BA84-AD003B298790} = {97D14E6D-7DEF-4849-BC85-2E9DA03A3723}
		{9AD44943-5E7F-4CBD-AD4C-4AAAFD1AA305} = {C406B64F-9326-421A-BA84-AD003B298790}
		{7209455B-7261-4BBE-961C-C70084671267} = {FC4A7FEF-72AF-4D4D-AA15-41E45E51D253}
		{AA0637B5-924A-49DB-AB51-977BB4871E1B} = {7209455B-7261-4BBE-961C-C70084671267}
		{76EC3862-3C3B-4C4C-BFC2-E38713F73C3B} = {F8B5868F-0AE7-4455-9F93-FA73352310A1}
		{58396EE1-44D4-4159-BA03-D81750516ACB} = {76EC3862-3C3B-4C4C-BFC2-E38713F73C3B}
		{2CAC39AD-BF70-4A6A-8D85-AA09CB526A64} = {97D14E6D-7DEF-4849-BC85-2E9DA03A3723}
		{F58E834E-E7DD-42CE-98E9-B8B282EA176C} = {2CAC39AD-BF70-4A6A-8D85-AA09CB526A64}
		{4950878E-A845-4DE5-AB35-59A964CD5D02} = {FC4A7FEF-72AF-4D4D-AA15-41E45E51D253}
		{D7C192EC-FD7D-4D03-AE44-C8EE3597292A} = {FC4A7FEF-72AF-4D4D-AA15-41E45E51D253}
		{2641938A-8D23-4E1D-80D6-98A90DFD6621} = {D7C192EC-FD7D-4D03-AE44-C8EE3597292A}
		{3DE529CC-43C3-46D6-9104-6DF9A9AC3B94} = {F8B5868F-0AE7-4455-9F93-FA73352310A1}
		{811075F0-B4B8-4A1E-BB16-486C9BA3033A} = {F8B5868F-0AE7-4455-9F93-FA73352310A1}
		{A8F29D11-302A-4C7A-8AF1-9A012E4A1189} = {811075F0-B4B8-4A1E-BB16-486C9BA3033A}
		{7334978B-71A2-4B74-9640-3A823D022884} = {3DE529CC-43C3-46D6-9104-6DF9A9AC3B94}
		{28B559FC-4FC0-48D0-B799-B8DC9E37E8BD} = {4950878E-A845-4DE5-AB35-59A964CD5D02}
		{0A43C82D-8775-457B-8CFA-0790DF4BFB1E} = {FC4A7FEF-72AF-4D4D-AA15-41E45E51D253}
		{061E1914-E470-414A-AA13-2228E6BF5B6D} = {F8B5868F-0AE7-4455-9F93-FA73352310A1}
		{2DE1F2EB-FC9C-4802-A0DE-FDFA23BECC22} = {061E1914-E470-414A-AA13-2228E6BF5B6D}
		{679EBA16-F719-4F87-8E1B-90B7AFEA4562} = {0A43C82D-8775-457B-8CFA-0790DF4BFB1E}
		{DA8ECEBA-748E-4EDE-AF26-FCDD037AACE2} = {F8B5868F-0AE7-4455-9F93-FA73352310A1}
		{35D22172-B9E8-4ED9-AFD2-8C373925A89F} = {DA8ECEBA-748E-4EDE-AF26-FCDD037AACE2}
	EndGlobalSection
	GlobalSection(ExtensibilityGlobals) = postSolution
		EnterpriseLibraryConfigurationToolBinariesPathV6 = packages\EnterpriseLibrary.Common.6.0.1304.0\lib\NET45;packages\EnterpriseLibrary.TransientFaultHandling.6.0.1304.0\lib\portable-net45+win+wp8;packages\EnterpriseLibrary.TransientFaultHandling.Caching.6.0.1304.0\lib\NET45;packages\EnterpriseLibrary.TransientFaultHandling.Data.6.0.1304.1\lib\NET45;packages\EnterpriseLibrary.TransientFaultHandling.ServiceBus.6.0.1304.0\lib\NET45;packages\EnterpriseLibrary.TransientFaultHandling.WindowsAzure.Storage.6.0.1304.0\lib\NET45;packages\EnterpriseLibrary.TransientFaultHandling.Configuration.6.0.1304.0\lib\NET45
	EndGlobalSection
EndGlobal
